
Microsoft Visual Studio Solution File, Format Version 12.00
# Visual Studio Version 17
VisualStudioVersion = 17.2.32630.192
MinimumVisualStudioVersion = 10.0.40219.1
Project("{FAE04EC0-301F-11D3-BF4B-00C04F79EFBC}") = "KCI_UI", "KCI_UI\KCI_UI.csproj", "{711F31C1-C088-46ED-8B4E-01F92CD61ADA}"
EndProject
Project("{FAE04EC0-301F-11D3-BF4B-00C04F79EFBC}") = "KCI_Library", "KCI_Library\KCI_Library.csproj", "{FBFB88B5-1A09-4367-A586-2C635250B141}"
EndProject
Global
	GlobalSection(SolutionConfigurationPlatforms) = preSolution
		Debug|Any CPU = Debug|Any CPU
		Release|Any CPU = Release|Any CPU
	EndGlobalSection
	GlobalSection(ProjectConfigurationPlatforms) = postSolution
		{711F31C1-C088-46ED-8B4E-01F92CD61ADA}.Debug|Any CPU.ActiveCfg = Debug|Any CPU
		{711F31C1-C088-46ED-8B4E-01F92CD61ADA}.Debug|Any CPU.Build.0 = Debug|Any CPU
		{711F31C1-C088-46ED-8B4E-01F92CD61ADA}.Release|Any CPU.ActiveCfg = Release|Any CPU
		{711F31C1-C088-46ED-8B4E-01F92CD61ADA}.Release|Any CPU.Build.0 = Release|Any CPU
		{FBFB88B5-1A09-4367-A586-2C635250B141}.Debug|Any CPU.ActiveCfg = Debug|Any CPU
		{FBFB88B5-1A09-4367-A586-2C635250B141}.Debug|Any CPU.Build.0 = Debug|Any CPU
		{FBFB88B5-1A09-4367-A586-2C635250B141}.Release|Any CPU.ActiveCfg = Release|Any CPU
		{FBFB88B5-1A09-4367-A586-2C635250B141}.Release|Any CPU.Build.0 = Release|Any CPU
	EndGlobalSection
	GlobalSection(SolutionProperties) = preSolution
		HideSolutionNode = FALSE
	EndGlobalSection
	GlobalSection(ExtensibilityGlobals) = postSolution
		SolutionGuid = {0C4F0A98-068F-4B8C-ACF3-7AA866C64DF2}
	EndGlobalSection
EndGlobal
